
Microsoft Visual Studio Solution File, Format Version 12.00
# Visual Studio 15
VisualStudioVersion = 15.0.26124.0
MinimumVisualStudioVersion = 15.0.26124.0
Project("{FAE04EC0-301F-11D3-BF4B-00C04F79EFBC}") = "ArticlesWeb", "ArticlesWeb\ArticlesWeb.csproj", "{F5AEA161-2716-4276-A132-AF2035AA820B}"
EndProject
Project("{FAE04EC0-301F-11D3-BF4B-00C04F79EFBC}") = "ArticlesData", "ArticlesData\ArticlesData.csproj", "{6BD778ED-34C6-4846-8E46-F8ABAA56784F}"
EndProject
Project("{FAE04EC0-301F-11D3-BF4B-00C04F79EFBC}") = "ArticlesServices", "ArticlesServices\ArticlesServices.csproj", "{05A187B1-F97C-480B-8732-DE243E881478}"
EndProject
Project("{FAE04EC0-301F-11D3-BF4B-00C04F79EFBC}") = "ArticlesTest", "ArticlesTest\ArticlesTest.csproj", "{9B1ADF09-7BD9-438E-81AB-9A2B4369649C}"
EndProject
Global
	GlobalSection(SolutionConfigurationPlatforms) = preSolution
		Debug|Any CPU = Debug|Any CPU
		Debug|x64 = Debug|x64
		Debug|x86 = Debug|x86
		Release|Any CPU = Release|Any CPU
		Release|x64 = Release|x64
		Release|x86 = Release|x86
	EndGlobalSection
	GlobalSection(SolutionProperties) = preSolution
		HideSolutionNode = FALSE
	EndGlobalSection
	GlobalSection(ProjectConfigurationPlatforms) = postSolution
		{F5AEA161-2716-4276-A132-AF2035AA820B}.Debug|Any CPU.ActiveCfg = Debug|Any CPU
		{F5AEA161-2716-4276-A132-AF2035AA820B}.Debug|Any CPU.Build.0 = Debug|Any CPU
		{F5AEA161-2716-4276-A132-AF2035AA820B}.Debug|x64.ActiveCfg = Debug|Any CPU
		{F5AEA161-2716-4276-A132-AF2035AA820B}.Debug|x64.Build.0 = Debug|Any CPU
		{F5AEA161-2716-4276-A132-AF2035AA820B}.Debug|x86.ActiveCfg = Debug|Any CPU
		{F5AEA161-2716-4276-A132-AF2035AA820B}.Debug|x86.Build.0 = Debug|Any CPU
		{F5AEA161-2716-4276-A132-AF2035AA820B}.Release|Any CPU.ActiveCfg = Release|Any CPU
		{F5AEA161-2716-4276-A132-AF2035AA820B}.Release|Any CPU.Build.0 = Release|Any CPU
		{F5AEA161-2716-4276-A132-AF2035AA820B}.Release|x64.ActiveCfg = Release|Any CPU
		{F5AEA161-2716-4276-A132-AF2035AA820B}.Release|x64.Build.0 = Release|Any CPU
		{F5AEA161-2716-4276-A132-AF2035AA820B}.Release|x86.ActiveCfg = Release|Any CPU
		{F5AEA161-2716-4276-A132-AF2035AA820B}.Release|x86.Build.0 = Release|Any CPU
		{6BD778ED-34C6-4846-8E46-F8ABAA56784F}.Debug|Any CPU.ActiveCfg = Debug|Any CPU
		{6BD778ED-34C6-4846-8E46-F8ABAA56784F}.Debug|Any CPU.Build.0 = Debug|Any CPU
		{6BD778ED-34C6-4846-8E46-F8ABAA56784F}.Debug|x64.ActiveCfg = Debug|Any CPU
		{6BD778ED-34C6-4846-8E46-F8ABAA56784F}.Debug|x64.Build.0 = Debug|Any CPU
		{6BD778ED-34C6-4846-8E46-F8ABAA56784F}.Debug|x86.ActiveCfg = Debug|Any CPU
		{6BD778ED-34C6-4846-8E46-F8ABAA56784F}.Debug|x86.Build.0 = Debug|Any CPU
		{6BD778ED-34C6-4846-8E46-F8ABAA56784F}.Release|Any CPU.ActiveCfg = Release|Any CPU
		{6BD778ED-34C6-4846-8E46-F8ABAA56784F}.Release|Any CPU.Build.0 = Release|Any CPU
		{6BD778ED-34C6-4846-8E46-F8ABAA56784F}.Release|x64.ActiveCfg = Release|Any CPU
		{6BD778ED-34C6-4846-8E46-F8ABAA56784F}.Release|x64.Build.0 = Release|Any CPU
		{6BD778ED-34C6-4846-8E46-F8ABAA56784F}.Release|x86.ActiveCfg = Release|Any CPU
		{6BD778ED-34C6-4846-8E46-F8ABAA56784F}.Release|x86.Build.0 = Release|Any CPU
		{05A187B1-F97C-480B-8732-DE243E881478}.Debug|Any CPU.ActiveCfg = Debug|Any CPU
		{05A187B1-F97C-480B-8732-DE243E881478}.Debug|Any CPU.Build.0 = Debug|Any CPU
		{05A187B1-F97C-480B-8732-DE243E881478}.Debug|x64.ActiveCfg = Debug|Any CPU
		{05A187B1-F97C-480B-8732-DE243E881478}.Debug|x64.Build.0 = Debug|Any CPU
		{05A187B1-F97C-480B-8732-DE243E881478}.Debug|x86.ActiveCfg = Debug|Any CPU
		{05A187B1-F97C-480B-8732-DE243E881478}.Debug|x86.Build.0 = Debug|Any CPU
		{05A187B1-F97C-480B-8732-DE243E881478}.Release|Any CPU.ActiveCfg = Release|Any CPU
		{05A187B1-F97C-480B-8732-DE243E881478}.Release|Any CPU.Build.0 = Release|Any CPU
		{05A187B1-F97C-480B-8732-DE243E881478}.Release|x64.ActiveCfg = Release|Any CPU
		{05A187B1-F97C-480B-8732-DE243E881478}.Release|x64.Build.0 = Release|Any CPU
		{05A187B1-F97C-480B-8732-DE243E881478}.Release|x86.ActiveCfg = Release|Any CPU
		{05A187B1-F97C-480B-8732-DE243E881478}.Release|x86.Build.0 = Release|Any CPU
		{9B1ADF09-7BD9-438E-81AB-9A2B4369649C}.Debug|Any CPU.ActiveCfg = Debug|Any CPU
		{9B1ADF09-7BD9-438E-81AB-9A2B4369649C}.Debug|Any CPU.Build.0 = Debug|Any CPU
		{9B1ADF09-7BD9-438E-81AB-9A2B4369649C}.Debug|x64.ActiveCfg = Debug|Any CPU
		{9B1ADF09-7BD9-438E-81AB-9A2B4369649C}.Debug|x64.Build.0 = Debug|Any CPU
		{9B1ADF09-7BD9-438E-81AB-9A2B4369649C}.Debug|x86.ActiveCfg = Debug|Any CPU
		{9B1ADF09-7BD9-438E-81AB-9A2B4369649C}.Debug|x86.Build.0 = Debug|Any CPU
		{9B1ADF09-7BD9-438E-81AB-9A2B4369649C}.Release|Any CPU.ActiveCfg = Release|Any CPU
		{9B1ADF09-7BD9-438E-81AB-9A2B4369649C}.Release|Any CPU.Build.0 = Release|Any CPU
		{9B1ADF09-7BD9-438E-81AB-9A2B4369649C}.Release|x64.ActiveCfg = Release|Any CPU
		{9B1ADF09-7BD9-438E-81AB-9A2B4369649C}.Release|x64.Build.0 = Release|Any CPU
		{9B1ADF09-7BD9-438E-81AB-9A2B4369649C}.Release|x86.ActiveCfg = Release|Any CPU
		{9B1ADF09-7BD9-438E-81AB-9A2B4369649C}.Release|x86.Build.0 = Release|Any CPU
	EndGlobalSection
EndGlobal
